
Microsoft Visual Studio Solution File, Format Version 12.00
# Visual Studio Version 16
VisualStudioVersion = 16.0.30611.23
MinimumVisualStudioVersion = 10.0.40219.1
Project("{FAE04EC0-301F-11D3-BF4B-00C04F79EFBC}") = "Project_9GAG", "Project_9GAG\Project_9GAG.csproj", "{BB80074B-E7C2-496A-85E6-ED820A9F30AB}"
EndProject
Project("{FAE04EC0-301F-11D3-BF4B-00C04F79EFBC}") = "9GAG_Models", "9GAG_Models\9GAG_Models.csproj", "{3BF48D96-8047-4E2B-B43F-EAFBF83108BF}"
EndProject
Global
	GlobalSection(SolutionConfigurationPlatforms) = preSolution
		Debug|Any CPU = Debug|Any CPU
		Release|Any CPU = Release|Any CPU
	EndGlobalSection
	GlobalSection(ProjectConfigurationPlatforms) = postSolution
		{BB80074B-E7C2-496A-85E6-ED820A9F30AB}.Debug|Any CPU.ActiveCfg = Debug|Any CPU
		{BB80074B-E7C2-496A-85E6-ED820A9F30AB}.Debug|Any CPU.Build.0 = Debug|Any CPU
		{BB80074B-E7C2-496A-85E6-ED820A9F30AB}.Release|Any CPU.ActiveCfg = Release|Any CPU
		{BB80074B-E7C2-496A-85E6-ED820A9F30AB}.Release|Any CPU.Build.0 = Release|Any CPU
		{3BF48D96-8047-4E2B-B43F-EAFBF83108BF}.Debug|Any CPU.ActiveCfg = Debug|Any CPU
		{3BF48D96-8047-4E2B-B43F-EAFBF83108BF}.Debug|Any CPU.Build.0 = Debug|Any CPU
		{3BF48D96-8047-4E2B-B43F-EAFBF83108BF}.Release|Any CPU.ActiveCfg = Release|Any CPU
		{3BF48D96-8047-4E2B-B43F-EAFBF83108BF}.Release|Any CPU.Build.0 = Release|Any CPU
	EndGlobalSection
	GlobalSection(SolutionProperties) = preSolution
		HideSolutionNode = FALSE
	EndGlobalSection
	GlobalSection(ExtensibilityGlobals) = postSolution
		SolutionGuid = {DC2A6711-CEB3-4802-A3B7-8AEC854DB7B5}
	EndGlobalSection
EndGlobal
